
Microsoft Visual Studio Solution File, Format Version 12.00
# Visual Studio Version 17
VisualStudioVersion = 17.14.36623.8 d17.14
MinimumVisualStudioVersion = 10.0.40219.1
Project("{FAE04EC0-301F-11D3-BF4B-00C04F79EFBC}") = "ParqueaderoPro", "ParqueaderoPro\ParqueaderoPro.csproj", "{3BA1A510-D928-4CEB-AA3C-7CFFAB901A7F}"
EndProject
Global
	GlobalSection(SolutionConfigurationPlatforms) = preSolution
		Debug|Any CPU = Debug|Any CPU
		Release|Any CPU = Release|Any CPU
	EndGlobalSection
	GlobalSection(ProjectConfigurationPlatforms) = postSolution
		{3BA1A510-D928-4CEB-AA3C-7CFFAB901A7F}.Debug|Any CPU.ActiveCfg = Debug|Any CPU
		{3BA1A510-D928-4CEB-AA3C-7CFFAB901A7F}.Debug|Any CPU.Build.0 = Debug|Any CPU
		{3BA1A510-D928-4CEB-AA3C-7CFFAB901A7F}.Release|Any CPU.ActiveCfg = Release|Any CPU
		{3BA1A510-D928-4CEB-AA3C-7CFFAB901A7F}.Release|Any CPU.Build.0 = Release|Any CPU
	EndGlobalSection
	GlobalSection(SolutionProperties) = preSolution
		HideSolutionNode = FALSE
	EndGlobalSection
	GlobalSection(ExtensibilityGlobals) = postSolution
		SolutionGuid = {8D16BD29-685B-44E0-822E-B90A367E3C4A}
	EndGlobalSection
EndGlobal
